lockVersion: 2.0.0
id: 2aa976ac-1042-49d8-8619-eb6541e4fbc3
management:
  docChecksum: 1db57d3571a2fe8716bab78945e9cb35
  docVersion: 0.0.2
  speakeasyVersion: 1.330.0
  generationVersion: 2.361.10
  releaseVersion: 0.5.5-alpha.2
  configChecksum: 7dbabfa721295039ef102fa7e20423a7
features:
  python:
    additionalDependencies: 0.1.0
    constsAndDefaults: 0.1.0
    core: 0.2.11
    examples: 0.1.0
    flatRequests: 0.1.0
    flattening: 0.1.0
    globalSecurity: 0.1.0
    globalSecurityCallbacks: 0.1.0
    globalSecurityFlattening: 0.1.0
    globalServerURLs: 0.1.0
    multipartFileContentType: 0.1.0
    nameOverrides: 0.1.0
    nullables: 0.1.0
    responseFormat: 0.1.0
    sdkHooks: 0.1.0
    serverEvents: 0.1.1
    serverIDs: 0.1.0
    unions: 0.1.0
    uploadStreams: 0.1.0
generatedFiles:
  - src/beezy_ai/sdkconfiguration.py
  - src/beezy_ai/chat.py
  - src/beezy_ai/fim.py
  - src/beezy_ai/embeddings.py
  - src/beezy_ai/models_.py
  - src/beezy_ai/files.py
  - src/beezy_ai/fine_tuning.py
  - src/beezy_ai/sdk.py
  - py.typed
  - pylintrc
  - pyproject.toml
  - scripts/publish.sh
  - src/beezy_ai/__init__.py
  - src/beezy_ai/basesdk.py
  - src/beezy_ai/httpclient.py
  - src/beezy_ai/types/__init__.py
  - src/beezy_ai/types/basemodel.py
  - src/beezy_ai/utils/__init__.py
  - src/beezy_ai/utils/enums.py
  - src/beezy_ai/utils/eventstreaming.py
  - src/beezy_ai/utils/forms.py
  - src/beezy_ai/utils/headers.py
  - src/beezy_ai/utils/metadata.py
  - src/beezy_ai/utils/queryparams.py
  - src/beezy_ai/utils/requestbodies.py
  - src/beezy_ai/utils/retries.py
  - src/beezy_ai/utils/security.py
  - src/beezy_ai/utils/serializers.py
  - src/beezy_ai/utils/url.py
  - src/beezy_ai/utils/values.py
  - src/beezy_ai/models/sdkerror.py
  - src/beezy_ai/models/chatcompletionevent.py
  - src/beezy_ai/models/chatcompletionchoicesevent.py
  - src/beezy_ai/models/chatcompletionchoices.py
  - src/beezy_ai/models/chatcompletionresponsestreamchoice.py
  - src/beezy_ai/models/finishreason.py
  - src/beezy_ai/models/deltamessage.py
  - src/beezy_ai/models/toolcall.py
  - src/beezy_ai/models/functioncall.py
  - src/beezy_ai/models/tooltype.py
  - src/beezy_ai/models/usageinfo.py
  - src/beezy_ai/models/chatcompletionsentinelevent.py
  - src/beezy_ai/models/badrequest.py
  - src/beezy_ai/models/unauthorized.py
  - src/beezy_ai/models/forbidden.py
  - src/beezy_ai/models/notfound.py
  - src/beezy_ai/models/toomanyrequests.py
  - src/beezy_ai/models/internalservererror.py
  - src/beezy_ai/models/serviceunavailable.py
  - src/beezy_ai/models/streamchatcompletionsop.py
  - src/beezy_ai/models/chatcompletionstreamrequest.py
  - src/beezy_ai/models/chatcompletionrole.py
  - src/beezy_ai/models/chatfunctioncall.py
  - src/beezy_ai/models/jsonmode.py
  - src/beezy_ai/models/createchatcompletionop.py
  - src/beezy_ai/models/chatcompletionresponse.py
  - src/beezy_ai/models/chatcompletionresponsefunctioncall.py
  - src/beezy_ai/models/chatcompletionresponsejsonmode.py
  - src/beezy_ai/models/chatcompletionrequest.py
  - src/beezy_ai/models/chatcompletionrequestjsonmode.py
  - src/beezy_ai/models/fimcompletionresponse.py
  - src/beezy_ai/models/fimcompletionrequest.py
  - src/beezy_ai/models/embeddingresponse.py
  - src/beezy_ai/models/embeddingrequest.py
  - src/beezy_ai/models/modellist.py
  - src/beezy_ai/models/model.py
  - src/beezy_ai/models/uploadfileout.py
  - src/beezy_ai/models/uploadfile.py
  - src/beezy_ai/models/listfilesout.py
  - src/beezy_ai/models/fileschema.py
  - src/beezy_ai/models/retrievefileout.py
  - src/beezy_ai/models/files_api_routes_retrieve_fileop.py
  - src/beezy_ai/models/deletefileout.py
  - src/beezy_ai/models/files_api_routes_delete_fileop.py
  - src/beezy_ai/models/jobsout.py
  - src/beezy_ai/models/jobout.py
  - src/beezy_ai/models/wandbintegrationout.py
  - src/beezy_ai/models/finetuneablemodel.py
  - src/beezy_ai/models/trainingparameters.py
  - src/beezy_ai/models/jobs_api_routes_fine_tuning_get_fine_tuning_jobsop.py
  - src/beezy_ai/models/jobin.py
  - src/beezy_ai/models/wandbintegration.py
  - src/beezy_ai/models/detailedjobout.py
  - src/beezy_ai/models/checkpointout.py
  - src/beezy_ai/models/metricout.py
  - src/beezy_ai/models/eventout.py
  - src/beezy_ai/models/jobs_api_routes_fine_tuning_get_fine_tuning_jobop.py
  - src/beezy_ai/models/jobs_api_routes_fine_tuning_cancel_fine_tuning_jobop.py
  - src/beezy_ai/models/security.py
  - src/beezy_ai/models/__init__.py
  - docs/models/chatcompletionevent.md
  - docs/models/chatcompletionchoicesevent.md
  - docs/models/chatcompletionchoices.md
  - docs/models/chatcompletionresponsestreamchoice.md
  - docs/models/finishreason.md
  - docs/models/deltamessage.md
  - docs/models/toolcall.md
  - docs/models/functioncall.md
  - docs/models/tooltype.md
  - docs/models/usageinfo.md
  - docs/models/chatcompletionsentinelevent.md
  - docs/models/badrequest.md
  - docs/models/unauthorized.md
  - docs/models/forbidden.md
  - docs/models/notfound.md
  - docs/models/toomanyrequests.md
  - docs/models/internalservererror.md
  - docs/models/serviceunavailable.md
  - docs/models/streamchatcompletionsrequestbody.md
  - docs/models/messages.md
  - docs/models/chatcompletionstreamrequest.md
  - docs/models/chatcompletionrole.md
  - docs/models/chatfunctioncallmessages.md
  - docs/models/parameters.md
  - docs/models/function.md
  - docs/models/tools.md
  - docs/models/chatfunctioncall.md
  - docs/models/jsonmodemessages.md
  - docs/models/responseformat.md
  - docs/models/jsonmode.md
  - docs/models/createchatcompletionrequestbody.md
  - docs/models/createchatcompletionresponsebody.md
  - docs/models/role.md
  - docs/models/message.md
  - docs/models/chatcompletionresponsefinishreason.md
  - docs/models/choices.md
  - docs/models/usage.md
  - docs/models/chatcompletionresponse.md
  - docs/models/chatcompletionresponsefunctioncallfunction.md
  - docs/models/toolcalls.md
  - docs/models/chatcompletionresponsefunctioncallmessage.md
  - docs/models/chatcompletionresponsefunctioncallfinishreason.md
  - docs/models/chatcompletionresponsefunctioncallchoices.md
  - docs/models/chatcompletionresponsefunctioncallusage.md
  - docs/models/chatcompletionresponsefunctioncall.md
  - docs/models/chatcompletionresponsejsonmoderole.md
  - docs/models/chatcompletionresponsejsonmodemessage.md
  - docs/models/chatcompletionresponsejsonmodefinishreason.md
  - docs/models/chatcompletionresponsejsonmodechoices.md
  - docs/models/chatcompletionresponsejsonmodeusage.md
  - docs/models/chatcompletionresponsejsonmode.md
  - docs/models/chatcompletionrequestmessages.md
  - docs/models/chatcompletionrequest.md
  - docs/models/chatfunctioncall1.md
  - docs/models/chatcompletionrequestjsonmodemessages.md
  - docs/models/chatcompletionrequestjsonmoderesponseformat.md
  - docs/models/chatcompletionrequestjsonmode.md
  - docs/models/fimcompletionresponserole.md
  - docs/models/fimcompletionresponsemessage.md
  - docs/models/fimcompletionresponsefinishreason.md
  - docs/models/fimcompletionresponsechoices.md
  - docs/models/fimcompletionresponseusage.md
  - docs/models/fimcompletionresponse.md
  - docs/models/stop.md
  - docs/models/fimcompletionrequest.md
  - docs/models/data.md
  - docs/models/embeddingresponseusage.md
  - docs/models/embeddingresponse.md
  - docs/models/encodingformat.md
  - docs/models/embeddingrequest.md
  - docs/models/modellist.md
  - docs/models/model.md
  - docs/models/uploadfileout.md
  - docs/models/file.md
  - docs/models/uploadfile.md
  - docs/models/listfilesout.md
  - docs/models/fileschema.md
  - docs/models/retrievefileout.md
  - docs/models/filesapiroutesretrievefilerequest.md
  - docs/models/deletefileout.md
  - docs/models/filesapiroutesdeletefilerequest.md
  - docs/models/jobsout.md
  - docs/models/status.md
  - docs/models/jobout.md
  - docs/models/wandbintegrationout.md
  - docs/models/finetuneablemodel.md
  - docs/models/trainingparameters.md
  - docs/models/jobsapiroutesfinetuninggetfinetuningjobsrequest.md
  - docs/models/jobin.md
  - docs/models/wandbintegration.md
  - docs/models/detailedjoboutstatus.md
  - docs/models/detailedjobout.md
  - docs/models/checkpointout.md
  - docs/models/metricout.md
  - docs/models/eventoutdata.md
  - docs/models/eventout.md
  - docs/models/jobsapiroutesfinetuninggetfinetuningjobrequest.md
  - docs/models/jobsapiroutesfinetuningcancelfinetuningjobrequest.md
  - docs/models/security.md
  - docs/sdks/beezyai/README.md
  - docs/sdks/chat/README.md
  - docs/sdks/fim/README.md
  - docs/sdks/embeddings/README.md
  - docs/sdks/models/README.md
  - docs/sdks/files/README.md
  - docs/sdks/finetuning/README.md
  - USAGE.md
  - .gitattributes
  - src/beezy_ai/_hooks/sdkhooks.py
  - src/beezy_ai/_hooks/types.py
  - src/beezy_ai/_hooks/__init__.py
